
Microsoft Visual Studio Solution File, Format Version 12.00
Project("{FAE04EC0-301F-11D3-BF4B-00C04F79EFBC}") = "Singleton", "Singleton\Singleton.csproj", "{3ACD9DFF-BBDA-4CEA-A0C5-211968097217}"
EndProject
Project("{FAE04EC0-301F-11D3-BF4B-00C04F79EFBC}") = "Factory", "Factory\Factory.csproj", "{234A1F40-7D30-41C8-A47D-C5F97EBCA8F1}"
EndProject
Project("{FAE04EC0-301F-11D3-BF4B-00C04F79EFBC}") = "AbstractFactory", "AbstractFactory\AbstractFactory.csproj", "{9E628BAC-E235-47AB-A043-6936C28ED5CC}"
EndProject
Project("{FAE04EC0-301F-11D3-BF4B-00C04F79EFBC}") = "Builder", "Builder\Builder.csproj", "{06B543C2-A1D8-4B25-B098-22779CED3C5E}"
EndProject
Project("{FAE04EC0-301F-11D3-BF4B-00C04F79EFBC}") = "Proxy", "Proxy\Proxy.csproj", "{8CCAAC05-C802-45B9-81D5-EB229CC2BE98}"
EndProject
Project("{FAE04EC0-301F-11D3-BF4B-00C04F79EFBC}") = "Bridge", "Bridge\Bridge.csproj", "{564E8066-B27B-48B3-B77F-DA405711721D}"
EndProject
Project("{FAE04EC0-301F-11D3-BF4B-00C04F79EFBC}") = "Adapter", "Adapter\Adapter.csproj", "{051F5567-ECAB-4790-87F2-8AB2B6F2217B}"
EndProject
Project("{FAE04EC0-301F-11D3-BF4B-00C04F79EFBC}") = "ChainOfResponsibility", "ChainOfResponsibility\ChainOfResponsibility.csproj", "{DB25BA12-602E-46B9-B5C6-8B9AAD65898B}"
EndProject
Project("{FAE04EC0-301F-11D3-BF4B-00C04F79EFBC}") = "Strategy", "Strategy\Strategy.csproj", "{4B774FF9-09EC-4C58-9DB0-3C03479795DB}"
EndProject
Project("{FAE04EC0-301F-11D3-BF4B-00C04F79EFBC}") = "Iterator", "Iterator\Iterator.csproj", "{BB1EDAC5-2738-40DA-8515-B7A27EACF8CD}"
EndProject
Project("{2150E333-8FDC-42A3-9474-1A3956D46DE8}") = "AbstractFactory", "AbstractFactory", "{B4BD07B3-E2FE-4A3A-92B4-3DDD4AEDB968}"
EndProject
Project("{2150E333-8FDC-42A3-9474-1A3956D46DE8}") = "Adapter", "Adapter", "{84AACA4D-920D-47CB-B12F-705BDBEDC003}"
EndProject
Project("{2150E333-8FDC-42A3-9474-1A3956D46DE8}") = "Bridge", "Bridge", "{7160CCEA-091A-43E7-B492-2B8EED70210D}"
EndProject
Project("{2150E333-8FDC-42A3-9474-1A3956D46DE8}") = "Builder", "Builder", "{70B29930-6C12-4E4D-8EF4-585C17DCAA9F}"
EndProject
Project("{2150E333-8FDC-42A3-9474-1A3956D46DE8}") = "ChainOfResponsibility", "ChainOfResponsibility", "{F3D06C23-779C-4C6A-B981-E8079C766580}"
EndProject
Project("{2150E333-8FDC-42A3-9474-1A3956D46DE8}") = "Factory", "Factory", "{685E8C7D-7C37-466C-98E6-2829EBC73168}"
EndProject
Project("{2150E333-8FDC-42A3-9474-1A3956D46DE8}") = "Iterator", "Iterator", "{48A1B626-330D-4CF4-99B7-4C4827CD336E}"
EndProject
Project("{2150E333-8FDC-42A3-9474-1A3956D46DE8}") = "Proxy", "Proxy", "{0EFBA988-1EA5-49E3-B689-0E9268090DA1}"
EndProject
Project("{2150E333-8FDC-42A3-9474-1A3956D46DE8}") = "Singleton", "Singleton", "{3FF77C5A-91A0-4282-9F95-B2B953B30119}"
EndProject
Project("{2150E333-8FDC-42A3-9474-1A3956D46DE8}") = "Strategy", "Strategy", "{6E37B283-44DE-442D-87D1-C300AEF32221}"
EndProject
Project("{FAE04EC0-301F-11D3-BF4B-00C04F79EFBC}") = "AbstactFactory.Tests", "AbstactFactory.Tests\AbstactFactory.Tests.csproj", "{A1DAEB09-6DDD-4138-80CE-15113E5173F8}"
EndProject
Project("{FAE04EC0-301F-11D3-BF4B-00C04F79EFBC}") = "Adapter.Tests", "Adapter.Tests\Adapter.Tests.csproj", "{885247F2-A937-43F7-91F2-2889848F239B}"
EndProject
Project("{FAE04EC0-301F-11D3-BF4B-00C04F79EFBC}") = "Bridge.Tests", "Bridge.Tests\Bridge.Tests.csproj", "{52EE22E1-CD6D-424D-BA7A-A96BD97AD248}"
EndProject
Project("{FAE04EC0-301F-11D3-BF4B-00C04F79EFBC}") = "Builder.Tests", "Builder.Tests\Builder.Tests.csproj", "{2EF8EE4B-A761-4E88-98C3-663E86562F12}"
EndProject
Project("{FAE04EC0-301F-11D3-BF4B-00C04F79EFBC}") = "ChainOfResponsibility.Tests", "ChainOfResponsibility.Tests\ChainOfResponsibility.Tests.csproj", "{075B6ADE-A920-4E87-8E3A-B14E755F6FC3}"
EndProject
Project("{FAE04EC0-301F-11D3-BF4B-00C04F79EFBC}") = "Factory.Tests", "Factory.Tests\Factory.Tests.csproj", "{F48E9191-585B-44E8-98AC-85C6066D8DDE}"
EndProject
Project("{FAE04EC0-301F-11D3-BF4B-00C04F79EFBC}") = "Iterator.Tests", "Iterator.Tests\Iterator.Tests.csproj", "{37FAC4D2-041F-46D1-9481-33BA5D094BC3}"
EndProject
Project("{FAE04EC0-301F-11D3-BF4B-00C04F79EFBC}") = "Proxy.Tests", "Proxy.Tests\Proxy.Tests.csproj", "{508D3C8C-6206-4DA9-AA1A-DEABE08B7E51}"
EndProject
Project("{FAE04EC0-301F-11D3-BF4B-00C04F79EFBC}") = "Singleton.Tests", "Singleton.Tests\Singleton.Tests.csproj", "{00D22917-7C4C-4F19-9FAE-1B81F4790EAA}"
EndProject
Project("{FAE04EC0-301F-11D3-BF4B-00C04F79EFBC}") = "Strategy.Tests", "Strategy.Tests\Strategy.Tests.csproj", "{6333FC96-976D-476B-B535-EA8798A9D7F9}"
EndProject
Project("{FAE04EC0-301F-11D3-BF4B-00C04F79EFBC}") = "DatabaseFlow", "DatabaseFlow\DatabaseFlow.csproj", "{E5C08B1F-FCC8-426F-8AB7-FE6CDE0D9053}"
EndProject
Project("{2150E333-8FDC-42A3-9474-1A3956D46DE8}") = "DatabaseFlow", "DatabaseFlow", "{2ED5B658-F403-465C-B795-0DF91DF2E3FB}"
EndProject
Project("{FAE04EC0-301F-11D3-BF4B-00C04F79EFBC}") = "DatabaseFlow.Tests", "DatabaseFlow\DatabaseFlow.Tests\DatabaseFlow.Tests.csproj", "{D970C5D2-D33B-40DC-83CA-BD94EB08AFAD}"
EndProject
Project("{FAE04EC0-301F-11D3-BF4B-00C04F79EFBC}") = "DatabaseEntity", "DatabaseEntity\DatabaseEntity.csproj", "{33BB2907-FFA2-4C9B-A577-91C6863EAE01}"
EndProject
Global
	GlobalSection(SolutionConfigurationPlatforms) = preSolution
		Debug|Any CPU = Debug|Any CPU
		Release|Any CPU = Release|Any CPU
	EndGlobalSection
	GlobalSection(ProjectConfigurationPlatforms) = postSolution
		{3ACD9DFF-BBDA-4CEA-A0C5-211968097217}.Debug|Any CPU.ActiveCfg = Debug|Any CPU
		{3ACD9DFF-BBDA-4CEA-A0C5-211968097217}.Debug|Any CPU.Build.0 = Debug|Any CPU
		{3ACD9DFF-BBDA-4CEA-A0C5-211968097217}.Release|Any CPU.ActiveCfg = Release|Any CPU
		{3ACD9DFF-BBDA-4CEA-A0C5-211968097217}.Release|Any CPU.Build.0 = Release|Any CPU
		{234A1F40-7D30-41C8-A47D-C5F97EBCA8F1}.Debug|Any CPU.ActiveCfg = Debug|Any CPU
		{234A1F40-7D30-41C8-A47D-C5F97EBCA8F1}.Debug|Any CPU.Build.0 = Debug|Any CPU
		{234A1F40-7D30-41C8-A47D-C5F97EBCA8F1}.Release|Any CPU.ActiveCfg = Release|Any CPU
		{234A1F40-7D30-41C8-A47D-C5F97EBCA8F1}.Release|Any CPU.Build.0 = Release|Any CPU
		{9E628BAC-E235-47AB-A043-6936C28ED5CC}.Debug|Any CPU.ActiveCfg = Debug|Any CPU
		{9E628BAC-E235-47AB-A043-6936C28ED5CC}.Debug|Any CPU.Build.0 = Debug|Any CPU
		{9E628BAC-E235-47AB-A043-6936C28ED5CC}.Release|Any CPU.ActiveCfg = Release|Any CPU
		{9E628BAC-E235-47AB-A043-6936C28ED5CC}.Release|Any CPU.Build.0 = Release|Any CPU
		{06B543C2-A1D8-4B25-B098-22779CED3C5E}.Debug|Any CPU.ActiveCfg = Debug|Any CPU
		{06B543C2-A1D8-4B25-B098-22779CED3C5E}.Debug|Any CPU.Build.0 = Debug|Any CPU
		{06B543C2-A1D8-4B25-B098-22779CED3C5E}.Release|Any CPU.ActiveCfg = Release|Any CPU
		{06B543C2-A1D8-4B25-B098-22779CED3C5E}.Release|Any CPU.Build.0 = Release|Any CPU
		{8CCAAC05-C802-45B9-81D5-EB229CC2BE98}.Debug|Any CPU.ActiveCfg = Debug|Any CPU
		{8CCAAC05-C802-45B9-81D5-EB229CC2BE98}.Debug|Any CPU.Build.0 = Debug|Any CPU
		{8CCAAC05-C802-45B9-81D5-EB229CC2BE98}.Release|Any CPU.ActiveCfg = Release|Any CPU
		{8CCAAC05-C802-45B9-81D5-EB229CC2BE98}.Release|Any CPU.Build.0 = Release|Any CPU
		{564E8066-B27B-48B3-B77F-DA405711721D}.Debug|Any CPU.ActiveCfg = Debug|Any CPU
		{564E8066-B27B-48B3-B77F-DA405711721D}.Debug|Any CPU.Build.0 = Debug|Any CPU
		{564E8066-B27B-48B3-B77F-DA405711721D}.Release|Any CPU.ActiveCfg = Release|Any CPU
		{564E8066-B27B-48B3-B77F-DA405711721D}.Release|Any CPU.Build.0 = Release|Any CPU
		{051F5567-ECAB-4790-87F2-8AB2B6F2217B}.Debug|Any CPU.ActiveCfg = Debug|Any CPU
		{051F5567-ECAB-4790-87F2-8AB2B6F2217B}.Debug|Any CPU.Build.0 = Debug|Any CPU
		{051F5567-ECAB-4790-87F2-8AB2B6F2217B}.Release|Any CPU.ActiveCfg = Release|Any CPU
		{051F5567-ECAB-4790-87F2-8AB2B6F2217B}.Release|Any CPU.Build.0 = Release|Any CPU
		{DB25BA12-602E-46B9-B5C6-8B9AAD65898B}.Debug|Any CPU.ActiveCfg = Debug|Any CPU
		{DB25BA12-602E-46B9-B5C6-8B9AAD65898B}.Debug|Any CPU.Build.0 = Debug|Any CPU
		{DB25BA12-602E-46B9-B5C6-8B9AAD65898B}.Release|Any CPU.ActiveCfg = Release|Any CPU
		{DB25BA12-602E-46B9-B5C6-8B9AAD65898B}.Release|Any CPU.Build.0 = Release|Any CPU
		{4B774FF9-09EC-4C58-9DB0-3C03479795DB}.Debug|Any CPU.ActiveCfg = Debug|Any CPU
		{4B774FF9-09EC-4C58-9DB0-3C03479795DB}.Debug|Any CPU.Build.0 = Debug|Any CPU
		{4B774FF9-09EC-4C58-9DB0-3C03479795DB}.Release|Any CPU.ActiveCfg = Release|Any CPU
		{4B774FF9-09EC-4C58-9DB0-3C03479795DB}.Release|Any CPU.Build.0 = Release|Any CPU
		{BB1EDAC5-2738-40DA-8515-B7A27EACF8CD}.Debug|Any CPU.ActiveCfg = Debug|Any CPU
		{BB1EDAC5-2738-40DA-8515-B7A27EACF8CD}.Debug|Any CPU.Build.0 = Debug|Any CPU
		{BB1EDAC5-2738-40DA-8515-B7A27EACF8CD}.Release|Any CPU.ActiveCfg = Release|Any CPU
		{BB1EDAC5-2738-40DA-8515-B7A27EACF8CD}.Release|Any CPU.Build.0 = Release|Any CPU
		{A1DAEB09-6DDD-4138-80CE-15113E5173F8}.Debug|Any CPU.ActiveCfg = Debug|Any CPU
		{A1DAEB09-6DDD-4138-80CE-15113E5173F8}.Debug|Any CPU.Build.0 = Debug|Any CPU
		{A1DAEB09-6DDD-4138-80CE-15113E5173F8}.Release|Any CPU.ActiveCfg = Release|Any CPU
		{A1DAEB09-6DDD-4138-80CE-15113E5173F8}.Release|Any CPU.Build.0 = Release|Any CPU
		{885247F2-A937-43F7-91F2-2889848F239B}.Debug|Any CPU.ActiveCfg = Debug|Any CPU
		{885247F2-A937-43F7-91F2-2889848F239B}.Debug|Any CPU.Build.0 = Debug|Any CPU
		{885247F2-A937-43F7-91F2-2889848F239B}.Release|Any CPU.ActiveCfg = Release|Any CPU
		{885247F2-A937-43F7-91F2-2889848F239B}.Release|Any CPU.Build.0 = Release|Any CPU
		{52EE22E1-CD6D-424D-BA7A-A96BD97AD248}.Debug|Any CPU.ActiveCfg = Debug|Any CPU
		{52EE22E1-CD6D-424D-BA7A-A96BD97AD248}.Debug|Any CPU.Build.0 = Debug|Any CPU
		{52EE22E1-CD6D-424D-BA7A-A96BD97AD248}.Release|Any CPU.ActiveCfg = Release|Any CPU
		{52EE22E1-CD6D-424D-BA7A-A96BD97AD248}.Release|Any CPU.Build.0 = Release|Any CPU
		{2EF8EE4B-A761-4E88-98C3-663E86562F12}.Debug|Any CPU.ActiveCfg = Debug|Any CPU
		{2EF8EE4B-A761-4E88-98C3-663E86562F12}.Debug|Any CPU.Build.0 = Debug|Any CPU
		{2EF8EE4B-A761-4E88-98C3-663E86562F12}.Release|Any CPU.ActiveCfg = Release|Any CPU
		{2EF8EE4B-A761-4E88-98C3-663E86562F12}.Release|Any CPU.Build.0 = Release|Any CPU
		{075B6ADE-A920-4E87-8E3A-B14E755F6FC3}.Debug|Any CPU.ActiveCfg = Debug|Any CPU
		{075B6ADE-A920-4E87-8E3A-B14E755F6FC3}.Debug|Any CPU.Build.0 = Debug|Any CPU
		{075B6ADE-A920-4E87-8E3A-B14E755F6FC3}.Release|Any CPU.ActiveCfg = Release|Any CPU
		{075B6ADE-A920-4E87-8E3A-B14E755F6FC3}.Release|Any CPU.Build.0 = Release|Any CPU
		{F48E9191-585B-44E8-98AC-85C6066D8DDE}.Debug|Any CPU.ActiveCfg = Debug|Any CPU
		{F48E9191-585B-44E8-98AC-85C6066D8DDE}.Debug|Any CPU.Build.0 = Debug|Any CPU
		{F48E9191-585B-44E8-98AC-85C6066D8DDE}.Release|Any CPU.ActiveCfg = Release|Any CPU
		{F48E9191-585B-44E8-98AC-85C6066D8DDE}.Release|Any CPU.Build.0 = Release|Any CPU
		{37FAC4D2-041F-46D1-9481-33BA5D094BC3}.Debug|Any CPU.ActiveCfg = Debug|Any CPU
		{37FAC4D2-041F-46D1-9481-33BA5D094BC3}.Debug|Any CPU.Build.0 = Debug|Any CPU
		{37FAC4D2-041F-46D1-9481-33BA5D094BC3}.Release|Any CPU.ActiveCfg = Release|Any CPU
		{37FAC4D2-041F-46D1-9481-33BA5D094BC3}.Release|Any CPU.Build.0 = Release|Any CPU
		{508D3C8C-6206-4DA9-AA1A-DEABE08B7E51}.Debug|Any CPU.ActiveCfg = Debug|Any CPU
		{508D3C8C-6206-4DA9-AA1A-DEABE08B7E51}.Debug|Any CPU.Build.0 = Debug|Any CPU
		{508D3C8C-6206-4DA9-AA1A-DEABE08B7E51}.Release|Any CPU.ActiveCfg = Release|Any CPU
		{508D3C8C-6206-4DA9-AA1A-DEABE08B7E51}.Release|Any CPU.Build.0 = Release|Any CPU
		{00D22917-7C4C-4F19-9FAE-1B81F4790EAA}.Debug|Any CPU.ActiveCfg = Debug|Any CPU
		{00D22917-7C4C-4F19-9FAE-1B81F4790EAA}.Debug|Any CPU.Build.0 = Debug|Any CPU
		{00D22917-7C4C-4F19-9FAE-1B81F4790EAA}.Release|Any CPU.ActiveCfg = Release|Any CPU
		{00D22917-7C4C-4F19-9FAE-1B81F4790EAA}.Release|Any CPU.Build.0 = Release|Any CPU
		{6333FC96-976D-476B-B535-EA8798A9D7F9}.Debug|Any CPU.ActiveCfg = Debug|Any CPU
		{6333FC96-976D-476B-B535-EA8798A9D7F9}.Debug|Any CPU.Build.0 = Debug|Any CPU
		{6333FC96-976D-476B-B535-EA8798A9D7F9}.Release|Any CPU.ActiveCfg = Release|Any CPU
		{6333FC96-976D-476B-B535-EA8798A9D7F9}.Release|Any CPU.Build.0 = Release|Any CPU
		{E5C08B1F-FCC8-426F-8AB7-FE6CDE0D9053}.Debug|Any CPU.ActiveCfg = Debug|Any CPU
		{E5C08B1F-FCC8-426F-8AB7-FE6CDE0D9053}.Debug|Any CPU.Build.0 = Debug|Any CPU
		{E5C08B1F-FCC8-426F-8AB7-FE6CDE0D9053}.Release|Any CPU.ActiveCfg = Release|Any CPU
		{E5C08B1F-FCC8-426F-8AB7-FE6CDE0D9053}.Release|Any CPU.Build.0 = Release|Any CPU
		{D970C5D2-D33B-40DC-83CA-BD94EB08AFAD}.Debug|Any CPU.ActiveCfg = Debug|Any CPU
		{D970C5D2-D33B-40DC-83CA-BD94EB08AFAD}.Debug|Any CPU.Build.0 = Debug|Any CPU
		{D970C5D2-D33B-40DC-83CA-BD94EB08AFAD}.Release|Any CPU.ActiveCfg = Release|Any CPU
		{D970C5D2-D33B-40DC-83CA-BD94EB08AFAD}.Release|Any CPU.Build.0 = Release|Any CPU
		{33BB2907-FFA2-4C9B-A577-91C6863EAE01}.Debug|Any CPU.ActiveCfg = Debug|Any CPU
		{33BB2907-FFA2-4C9B-A577-91C6863EAE01}.Debug|Any CPU.Build.0 = Debug|Any CPU
		{33BB2907-FFA2-4C9B-A577-91C6863EAE01}.Release|Any CPU.ActiveCfg = Release|Any CPU
		{33BB2907-FFA2-4C9B-A577-91C6863EAE01}.Release|Any CPU.Build.0 = Release|Any CPU
	EndGlobalSection
	GlobalSection(NestedProjects) = preSolution
		{9E628BAC-E235-47AB-A043-6936C28ED5CC} = {B4BD07B3-E2FE-4A3A-92B4-3DDD4AEDB968}
		{051F5567-ECAB-4790-87F2-8AB2B6F2217B} = {84AACA4D-920D-47CB-B12F-705BDBEDC003}
		{564E8066-B27B-48B3-B77F-DA405711721D} = {7160CCEA-091A-43E7-B492-2B8EED70210D}
		{06B543C2-A1D8-4B25-B098-22779CED3C5E} = {70B29930-6C12-4E4D-8EF4-585C17DCAA9F}
		{DB25BA12-602E-46B9-B5C6-8B9AAD65898B} = {F3D06C23-779C-4C6A-B981-E8079C766580}
		{234A1F40-7D30-41C8-A47D-C5F97EBCA8F1} = {685E8C7D-7C37-466C-98E6-2829EBC73168}
		{BB1EDAC5-2738-40DA-8515-B7A27EACF8CD} = {48A1B626-330D-4CF4-99B7-4C4827CD336E}
		{8CCAAC05-C802-45B9-81D5-EB229CC2BE98} = {0EFBA988-1EA5-49E3-B689-0E9268090DA1}
		{3ACD9DFF-BBDA-4CEA-A0C5-211968097217} = {3FF77C5A-91A0-4282-9F95-B2B953B30119}
		{4B774FF9-09EC-4C58-9DB0-3C03479795DB} = {6E37B283-44DE-442D-87D1-C300AEF32221}
		{A1DAEB09-6DDD-4138-80CE-15113E5173F8} = {B4BD07B3-E2FE-4A3A-92B4-3DDD4AEDB968}
		{885247F2-A937-43F7-91F2-2889848F239B} = {84AACA4D-920D-47CB-B12F-705BDBEDC003}
		{52EE22E1-CD6D-424D-BA7A-A96BD97AD248} = {7160CCEA-091A-43E7-B492-2B8EED70210D}
		{2EF8EE4B-A761-4E88-98C3-663E86562F12} = {70B29930-6C12-4E4D-8EF4-585C17DCAA9F}
		{075B6ADE-A920-4E87-8E3A-B14E755F6FC3} = {F3D06C23-779C-4C6A-B981-E8079C766580}
		{F48E9191-585B-44E8-98AC-85C6066D8DDE} = {685E8C7D-7C37-466C-98E6-2829EBC73168}
		{37FAC4D2-041F-46D1-9481-33BA5D094BC3} = {48A1B626-330D-4CF4-99B7-4C4827CD336E}
		{508D3C8C-6206-4DA9-AA1A-DEABE08B7E51} = {0EFBA988-1EA5-49E3-B689-0E9268090DA1}
		{00D22917-7C4C-4F19-9FAE-1B81F4790EAA} = {3FF77C5A-91A0-4282-9F95-B2B953B30119}
		{6333FC96-976D-476B-B535-EA8798A9D7F9} = {6E37B283-44DE-442D-87D1-C300AEF32221}
		{E5C08B1F-FCC8-426F-8AB7-FE6CDE0D9053} = {2ED5B658-F403-465C-B795-0DF91DF2E3FB}
		{D970C5D2-D33B-40DC-83CA-BD94EB08AFAD} = {2ED5B658-F403-465C-B795-0DF91DF2E3FB}
	EndGlobalSection
EndGlobal
